
Microsoft Visual Studio Solution File, Format Version 12.00
# Visual Studio Version 16
VisualStudioVersion = 16.0.31624.102
MinimumVisualStudioVersion = 10.0.40219.1
Project("{FAE04EC0-301F-11D3-BF4B-00C04F79EFBC}") = "EmployeeManagement", "EmployeeManagement.csproj", "{AD9E9EEB-2BCE-4AE3-B2F8-5ED1AA527537}"
EndProject
Global
	GlobalSection(SolutionConfigurationPlatforms) = preSolution
		Debug|Any CPU = Debug|Any CPU
		Release|Any CPU = Release|Any CPU
	EndGlobalSection
	GlobalSection(ProjectConfigurationPlatforms) = postSolution
		{AD9E9EEB-2BCE-4AE3-B2F8-5ED1AA527537}.Debug|Any CPU.ActiveCfg = Debug|Any CPU
		{AD9E9EEB-2BCE-4AE3-B2F8-5ED1AA527537}.Debug|Any CPU.Build.0 = Debug|Any CPU
		{AD9E9EEB-2BCE-4AE3-B2F8-5ED1AA527537}.Release|Any CPU.ActiveCfg = Release|Any CPU
		{AD9E9EEB-2BCE-4AE3-B2F8-5ED1AA527537}.Release|Any CPU.Build.0 = Release|Any CPU
	EndGlobalSection
	GlobalSection(SolutionProperties) = preSolution
		HideSolutionNode = FALSE
	EndGlobalSection
	GlobalSection(ExtensibilityGlobals) = postSolution
		SolutionGuid = {33A05128-DF8C-430C-B379-3288CBB5B4E0}
	EndGlobalSection
EndGlobal
